
Microsoft Visual Studio Solution File, Format Version 12.00
# Visual Studio 14
VisualStudioVersion = 14.0.25123.0
MinimumVisualStudioVersion = 10.0.40219.1
Project("{FAE04EC0-301F-11D3-BF4B-00C04F79EFBC}") = "Netchex", "Netchex\Netchex.csproj", "{9C527C66-0F10-403C-8280-709DE2490A3E}"
EndProject
Project("{2150E333-8FDC-42A3-9474-1A3956D46DE8}") = "Business Layer", "Business Layer", "{A22CE9E2-B635-4BFB-8B1B-08BB041FE5BB}"
EndProject
Project("{2150E333-8FDC-42A3-9474-1A3956D46DE8}") = "Data Layer", "Data Layer", "{4C5696C2-0AE3-4C61-844D-09F6354A43F5}"
EndProject
Project("{FAE04EC0-301F-11D3-BF4B-00C04F79EFBC}") = "Netchex.Data", "Netchex.Data\Netchex.Data.csproj", "{F159BEBF-60A5-4BC4-A49B-9D9FB52AAA8C}"
EndProject
Project("{2150E333-8FDC-42A3-9474-1A3956D46DE8}") = "Core", "Core", "{3CC15DF6-27F5-422B-850D-BC0E76151840}"
EndProject
Project("{FAE04EC0-301F-11D3-BF4B-00C04F79EFBC}") = "Netchex.Dependencies", "Netchex.Dependencies\Netchex.Dependencies.csproj", "{90E19244-3751-4C4A-BF42-C675EB0CE6D2}"
EndProject
Project("{FAE04EC0-301F-11D3-BF4B-00C04F79EFBC}") = "Netchex.Services", "Netchex.Services\Netchex.Services.csproj", "{132F8345-5FBC-4EB1-9846-AD7F08C08AE8}"
EndProject
Project("{FAE04EC0-301F-11D3-BF4B-00C04F79EFBC}") = "Netchex.Services.Tests", "Netchex.Services.Tests\Netchex.Services.Tests.csproj", "{93843DFA-4992-46DB-A58A-16663230C119}"
EndProject
Project("{FAE04EC0-301F-11D3-BF4B-00C04F79EFBC}") = "Netchex.Web", "Netchex.Web\Netchex.Web.csproj", "{0727074C-4892-49E5-948F-5DFB4562C498}"
EndProject
Project("{FAE04EC0-301F-11D3-BF4B-00C04F79EFBC}") = "Netchex.Dto", "Netchex.Dto\Netchex.Dto.csproj", "{7710885F-9EB4-49DE-A83A-F022C9B5D589}"
EndProject
Project("{FAE04EC0-301F-11D3-BF4B-00C04F79EFBC}") = "Netchex.Repository", "Netchex.Repository\Netchex.Repository.csproj", "{F67D5970-2087-40B5-993D-79A787E12CD2}"
EndProject
Global
	GlobalSection(SolutionConfigurationPlatforms) = preSolution
		Debug|Any CPU = Debug|Any CPU
		Release|Any CPU = Release|Any CPU
	EndGlobalSection
	GlobalSection(ProjectConfigurationPlatforms) = postSolution
		{9C527C66-0F10-403C-8280-709DE2490A3E}.Debug|Any CPU.ActiveCfg = Debug|Any CPU
		{9C527C66-0F10-403C-8280-709DE2490A3E}.Debug|Any CPU.Build.0 = Debug|Any CPU
		{9C527C66-0F10-403C-8280-709DE2490A3E}.Release|Any CPU.ActiveCfg = Release|Any CPU
		{9C527C66-0F10-403C-8280-709DE2490A3E}.Release|Any CPU.Build.0 = Release|Any CPU
		{F159BEBF-60A5-4BC4-A49B-9D9FB52AAA8C}.Debug|Any CPU.ActiveCfg = Debug|Any CPU
		{F159BEBF-60A5-4BC4-A49B-9D9FB52AAA8C}.Debug|Any CPU.Build.0 = Debug|Any CPU
		{F159BEBF-60A5-4BC4-A49B-9D9FB52AAA8C}.Release|Any CPU.ActiveCfg = Release|Any CPU
		{F159BEBF-60A5-4BC4-A49B-9D9FB52AAA8C}.Release|Any CPU.Build.0 = Release|Any CPU
		{90E19244-3751-4C4A-BF42-C675EB0CE6D2}.Debug|Any CPU.ActiveCfg = Debug|Any CPU
		{90E19244-3751-4C4A-BF42-C675EB0CE6D2}.Debug|Any CPU.Build.0 = Debug|Any CPU
		{90E19244-3751-4C4A-BF42-C675EB0CE6D2}.Release|Any CPU.ActiveCfg = Release|Any CPU
		{90E19244-3751-4C4A-BF42-C675EB0CE6D2}.Release|Any CPU.Build.0 = Release|Any CPU
		{132F8345-5FBC-4EB1-9846-AD7F08C08AE8}.Debug|Any CPU.ActiveCfg = Debug|Any CPU
		{132F8345-5FBC-4EB1-9846-AD7F08C08AE8}.Debug|Any CPU.Build.0 = Debug|Any CPU
		{132F8345-5FBC-4EB1-9846-AD7F08C08AE8}.Release|Any CPU.ActiveCfg = Release|Any CPU
		{132F8345-5FBC-4EB1-9846-AD7F08C08AE8}.Release|Any CPU.Build.0 = Release|Any CPU
		{93843DFA-4992-46DB-A58A-16663230C119}.Debug|Any CPU.ActiveCfg = Debug|Any CPU
		{93843DFA-4992-46DB-A58A-16663230C119}.Debug|Any CPU.Build.0 = Debug|Any CPU
		{93843DFA-4992-46DB-A58A-16663230C119}.Release|Any CPU.ActiveCfg = Release|Any CPU
		{93843DFA-4992-46DB-A58A-16663230C119}.Release|Any CPU.Build.0 = Release|Any CPU
		{0727074C-4892-49E5-948F-5DFB4562C498}.Debug|Any CPU.ActiveCfg = Debug|Any CPU
		{0727074C-4892-49E5-948F-5DFB4562C498}.Debug|Any CPU.Build.0 = Debug|Any CPU
		{0727074C-4892-49E5-948F-5DFB4562C498}.Release|Any CPU.ActiveCfg = Release|Any CPU
		{0727074C-4892-49E5-948F-5DFB4562C498}.Release|Any CPU.Build.0 = Release|Any CPU
		{7710885F-9EB4-49DE-A83A-F022C9B5D589}.Debug|Any CPU.ActiveCfg = Debug|Any CPU
		{7710885F-9EB4-49DE-A83A-F022C9B5D589}.Debug|Any CPU.Build.0 = Debug|Any CPU
		{7710885F-9EB4-49DE-A83A-F022C9B5D589}.Release|Any CPU.ActiveCfg = Release|Any CPU
		{7710885F-9EB4-49DE-A83A-F022C9B5D589}.Release|Any CPU.Build.0 = Release|Any CPU
		{F67D5970-2087-40B5-993D-79A787E12CD2}.Debug|Any CPU.ActiveCfg = Debug|Any CPU
		{F67D5970-2087-40B5-993D-79A787E12CD2}.Debug|Any CPU.Build.0 = Debug|Any CPU
		{F67D5970-2087-40B5-993D-79A787E12CD2}.Release|Any CPU.ActiveCfg = Release|Any CPU
		{F67D5970-2087-40B5-993D-79A787E12CD2}.Release|Any CPU.Build.0 = Release|Any CPU
	EndGlobalSection
	GlobalSection(SolutionProperties) = preSolution
		HideSolutionNode = FALSE
	EndGlobalSection
	GlobalSection(NestedProjects) = preSolution
		{F159BEBF-60A5-4BC4-A49B-9D9FB52AAA8C} = {4C5696C2-0AE3-4C61-844D-09F6354A43F5}
		{90E19244-3751-4C4A-BF42-C675EB0CE6D2} = {3CC15DF6-27F5-422B-850D-BC0E76151840}
		{132F8345-5FBC-4EB1-9846-AD7F08C08AE8} = {A22CE9E2-B635-4BFB-8B1B-08BB041FE5BB}
		{93843DFA-4992-46DB-A58A-16663230C119} = {A22CE9E2-B635-4BFB-8B1B-08BB041FE5BB}
		{0727074C-4892-49E5-948F-5DFB4562C498} = {3CC15DF6-27F5-422B-850D-BC0E76151840}
		{7710885F-9EB4-49DE-A83A-F022C9B5D589} = {4C5696C2-0AE3-4C61-844D-09F6354A43F5}
		{F67D5970-2087-40B5-993D-79A787E12CD2} = {4C5696C2-0AE3-4C61-844D-09F6354A43F5}
	EndGlobalSection
EndGlobal
